
Microsoft Visual Studio Solution File, Format Version 12.00
# Visual Studio Version 16
VisualStudioVersion = 16.0.31129.286
MinimumVisualStudioVersion = 10.0.40219.1
Project("{FAE04EC0-301F-11D3-BF4B-00C04F79EFBC}") = "LearnBasics.Sandbox", "ConsoleApp2\LearnBasics.Sandbox.csproj", "{ECEC2DCC-A152-479A-9357-A32C8F731A48}"
EndProject
Project("{FAE04EC0-301F-11D3-BF4B-00C04F79EFBC}") = "LearnBasics.Common", "LearnBasics.Common\LearnBasics.Common.csproj", "{3552EE9E-45D0-4771-997D-CF97625FE298}"
EndProject
Global
	GlobalSection(SolutionConfigurationPlatforms) = preSolution
		Debug|Any CPU = Debug|Any CPU
		Release|Any CPU = Release|Any CPU
	EndGlobalSection
	GlobalSection(ProjectConfigurationPlatforms) = postSolution
		{ECEC2DCC-A152-479A-9357-A32C8F731A48}.Debug|Any CPU.ActiveCfg = Debug|Any CPU
		{ECEC2DCC-A152-479A-9357-A32C8F731A48}.Debug|Any CPU.Build.0 = Debug|Any CPU
		{ECEC2DCC-A152-479A-9357-A32C8F731A48}.Release|Any CPU.ActiveCfg = Release|Any CPU
		{ECEC2DCC-A152-479A-9357-A32C8F731A48}.Release|Any CPU.Build.0 = Release|Any CPU
		{3552EE9E-45D0-4771-997D-CF97625FE298}.Debug|Any CPU.ActiveCfg = Debug|Any CPU
		{3552EE9E-45D0-4771-997D-CF97625FE298}.Debug|Any CPU.Build.0 = Debug|Any CPU
		{3552EE9E-45D0-4771-997D-CF97625FE298}.Release|Any CPU.ActiveCfg = Release|Any CPU
		{3552EE9E-45D0-4771-997D-CF97625FE298}.Release|Any CPU.Build.0 = Release|Any CPU
	EndGlobalSection
	GlobalSection(SolutionProperties) = preSolution
		HideSolutionNode = FALSE
	EndGlobalSection
	GlobalSection(ExtensibilityGlobals) = postSolution
		SolutionGuid = {5F9A2092-D02E-466C-9D70-547E05FCCC1F}
	EndGlobalSection
EndGlobal
